
Microsoft Visual Studio Solution File, Format Version 12.00
# Visual Studio 15
VisualStudioVersion = 15.0.27130.2010
MinimumVisualStudioVersion = 10.0.40219.1
Project("{FAE04EC0-301F-11D3-BF4B-00C04F79EFBC}") = "ClaymoreMiner.RemoteManagement", "ClaymoreMiner.RemoteManagement\ClaymoreMiner.RemoteManagement.csproj", "{86674995-8F69-4DBB-8A24-E6190B5FEB0D}"
EndProject
Project("{FAE04EC0-301F-11D3-BF4B-00C04F79EFBC}") = "ClaymoreMiner.RemoteManagement.Tests", "ClaymoreMiner.RemoteManagement.Tests\ClaymoreMiner.RemoteManagement.Tests.csproj", "{0347F195-1914-41AA-8AED-0EB4DC6FFC0C}"
EndProject
Global
	GlobalSection(SolutionConfigurationPlatforms) = preSolution
		Debug|Any CPU = Debug|Any CPU
		Release|Any CPU = Release|Any CPU
	EndGlobalSection
	GlobalSection(ProjectConfigurationPlatforms) = postSolution
		{86674995-8F69-4DBB-8A24-E6190B5FEB0D}.Debug|Any CPU.ActiveCfg = Debug|Any CPU
		{86674995-8F69-4DBB-8A24-E6190B5FEB0D}.Debug|Any CPU.Build.0 = Debug|Any CPU
		{86674995-8F69-4DBB-8A24-E6190B5FEB0D}.Release|Any CPU.ActiveCfg = Release|Any CPU
		{86674995-8F69-4DBB-8A24-E6190B5FEB0D}.Release|Any CPU.Build.0 = Release|Any CPU
		{0347F195-1914-41AA-8AED-0EB4DC6FFC0C}.Debug|Any CPU.ActiveCfg = Debug|Any CPU
		{0347F195-1914-41AA-8AED-0EB4DC6FFC0C}.Debug|Any CPU.Build.0 = Debug|Any CPU
		{0347F195-1914-41AA-8AED-0EB4DC6FFC0C}.Release|Any CPU.ActiveCfg = Release|Any CPU
		{0347F195-1914-41AA-8AED-0EB4DC6FFC0C}.Release|Any CPU.Build.0 = Release|Any CPU
	EndGlobalSection
	GlobalSection(SolutionProperties) = preSolution
		HideSolutionNode = FALSE
	EndGlobalSection
	GlobalSection(ExtensibilityGlobals) = postSolution
		SolutionGuid = {C78AB524-BF4A-4F5C-8644-67A990EBA314}
	EndGlobalSection
EndGlobal
